
Microsoft Visual Studio Solution File, Format Version 12.00
# Visual Studio Version 16
VisualStudioVersion = 16.0.31729.503
MinimumVisualStudioVersion = 10.0.40219.1
Project("{FAE04EC0-301F-11D3-BF4B-00C04F79EFBC}") = "PersonelTakipOtomasyonu", "PersonelTakipOtomasyonu.csproj", "{B215B958-96D5-4963-8B27-11ECAE073DC3}"
EndProject
Project("{54435603-DBB4-11D2-8724-00A0C9A8B90C}") = "SetupPersonelTakipOtomayonu", "..\..\..\OneDrive\Masaüstü\SetupPTO\SetupPersonelTakipOtomayonu\SetupPersonelTakipOtomayonu.vdproj", "{04802700-646C-4FE0-9ADF-343F90ED75A5}"
EndProject
Global
	GlobalSection(SolutionConfigurationPlatforms) = preSolution
		Debug|Any CPU = Debug|Any CPU
		Release|Any CPU = Release|Any CPU
	EndGlobalSection
	GlobalSection(ProjectConfigurationPlatforms) = postSolution
		{B215B958-96D5-4963-8B27-11ECAE073DC3}.Debug|Any CPU.ActiveCfg = Debug|Any CPU
		{B215B958-96D5-4963-8B27-11ECAE073DC3}.Debug|Any CPU.Build.0 = Debug|Any CPU
		{B215B958-96D5-4963-8B27-11ECAE073DC3}.Release|Any CPU.ActiveCfg = Release|Any CPU
		{B215B958-96D5-4963-8B27-11ECAE073DC3}.Release|Any CPU.Build.0 = Release|Any CPU
		{04802700-646C-4FE0-9ADF-343F90ED75A5}.Debug|Any CPU.ActiveCfg = Debug
		{04802700-646C-4FE0-9ADF-343F90ED75A5}.Release|Any CPU.ActiveCfg = Release
	EndGlobalSection
	GlobalSection(SolutionProperties) = preSolution
		HideSolutionNode = FALSE
	EndGlobalSection
	GlobalSection(ExtensibilityGlobals) = postSolution
		SolutionGuid = {5F679EB2-279E-43C2-BB85-F24720692314}
	EndGlobalSection
EndGlobal
